Microsoft Visual Studio Solution File, Format Version 7.00
Project("{8BC9CEB8-8B4A-11D0-8D11-00A0C91BC942}") = "Pman", "Pman.vcproj", "{AD9E0DBE-F565-4C3D-93E8-1EE98E7F4497}"
EndProject
Global
	GlobalSection(SolutionConfiguration) = preSolution
		ConfigName.0 = Debug
		ConfigName.1 = Release
	EndGlobalSection
	GlobalSection(ProjectDependencies) = postSolution
	EndGlobalSection
	GlobalSection(ProjectConfiguration) = postSolution
		{AD9E0DBE-F565-4C3D-93E8-1EE98E7F4497}.Debug.ActiveCfg = Release|Win32
		{AD9E0DBE-F565-4C3D-93E8-1EE98E7F4497}.Debug.Build.0 = Release|Win32
		{AD9E0DBE-F565-4C3D-93E8-1EE98E7F4497}.Release.ActiveCfg = Release|Win32
		{AD9E0DBE-F565-4C3D-93E8-1EE98E7F4497}.Release.Build.0 = Release|Win32
	EndGlobalSection
	GlobalSection(ExtensibilityGlobals) = postSolution
	EndGlobalSection
	GlobalSection(ExtensibilityAddIns) = postSolution
	EndGlobalSection
EndGlobal
